
Microsoft Visual Studio Solution File, Format Version 12.00
# Visual Studio Version 16
VisualStudioVersion = 16.0.30907.101
MinimumVisualStudioVersion = 10.0.40219.1
Project("{9A19103F-16F7-4668-BE54-9A1E7A4F7556}") = "MapReducer", "MapReducer\MapReducer.csproj", "{1215F682-87D7-4CF3-8406-10AA0ABF4D19}"
EndProject
Project("{FAE04EC0-301F-11D3-BF4B-00C04F79EFBC}") = "WordCount", "WordCount\WordCount.csproj", "{C3390368-724C-486B-9295-E6EB6D01FD71}"
EndProject
Global
	GlobalSection(SolutionConfigurationPlatforms) = preSolution
		Debug|Any CPU = Debug|Any CPU
		Release|Any CPU = Release|Any CPU
	EndGlobalSection
	GlobalSection(ProjectConfigurationPlatforms) = postSolution
		{1215F682-87D7-4CF3-8406-10AA0ABF4D19}.Debug|Any CPU.ActiveCfg = Debug|Any CPU
		{1215F682-87D7-4CF3-8406-10AA0ABF4D19}.Debug|Any CPU.Build.0 = Debug|Any CPU
		{1215F682-87D7-4CF3-8406-10AA0ABF4D19}.Release|Any CPU.ActiveCfg = Release|Any CPU
		{1215F682-87D7-4CF3-8406-10AA0ABF4D19}.Release|Any CPU.Build.0 = Release|Any CPU
		{C3390368-724C-486B-9295-E6EB6D01FD71}.Debug|Any CPU.ActiveCfg = Debug|Any CPU
		{C3390368-724C-486B-9295-E6EB6D01FD71}.Debug|Any CPU.Build.0 = Debug|Any CPU
		{C3390368-724C-486B-9295-E6EB6D01FD71}.Release|Any CPU.ActiveCfg = Release|Any CPU
		{C3390368-724C-486B-9295-E6EB6D01FD71}.Release|Any CPU.Build.0 = Release|Any CPU
	EndGlobalSection
	GlobalSection(SolutionProperties) = preSolution
		HideSolutionNode = FALSE
	EndGlobalSection
	GlobalSection(ExtensibilityGlobals) = postSolution
		SolutionGuid = {0C29594A-C11A-4869-A959-1F426CD5A49B}
	EndGlobalSection
EndGlobal
